
Microsoft Visual Studio Solution File, Format Version 12.00
# Visual Studio Version 16
VisualStudioVersion = 16.0.29123.88
MinimumVisualStudioVersion = 10.0.40219.1
Project("{FAE04EC0-301F-11D3-BF4B-00C04F79EFBC}") = "WeatherMap.Android", "WeatherMap\WeatherMap.Android\WeatherMap.Android.csproj", "{4656EEFA-E385-43CD-ABE6-2F82A0A7E083}"
EndProject
Project("{FAE04EC0-301F-11D3-BF4B-00C04F79EFBC}") = "WeatherMap.iOS", "WeatherMap\WeatherMap.iOS\WeatherMap.iOS.csproj", "{E7E07356-D78A-4F45-83D1-E7EB51DD433C}"
EndProject
Project("{FAE04EC0-301F-11D3-BF4B-00C04F79EFBC}") = "WeatherMap", "WeatherMap\WeatherMap\WeatherMap.csproj", "{1A05F179-F959-4195-951E-F55F7BF2E1C7}"
EndProject
Global
	GlobalSection(SolutionConfigurationPlatforms) = preSolution
		Debug|Any CPU = Debug|Any CPU
		Debug|iPhone = Debug|iPhone
		Debug|iPhoneSimulator = Debug|iPhoneSimulator
		Release|Any CPU = Release|Any CPU
		Release|iPhone = Release|iPhone
		Release|iPhoneSimulator = Release|iPhoneSimulator
	EndGlobalSection
	GlobalSection(ProjectConfigurationPlatforms) = postSolution
		{4656EEFA-E385-43CD-ABE6-2F82A0A7E083}.Debug|Any CPU.ActiveCfg = Debug|Any CPU
		{4656EEFA-E385-43CD-ABE6-2F82A0A7E083}.Debug|Any CPU.Build.0 = Debug|Any CPU
		{4656EEFA-E385-43CD-ABE6-2F82A0A7E083}.Debug|Any CPU.Deploy.0 = Debug|Any CPU
		{4656EEFA-E385-43CD-ABE6-2F82A0A7E083}.Debug|iPhone.ActiveCfg = Debug|Any CPU
		{4656EEFA-E385-43CD-ABE6-2F82A0A7E083}.Debug|iPhone.Build.0 = Debug|Any CPU
		{4656EEFA-E385-43CD-ABE6-2F82A0A7E083}.Debug|iPhone.Deploy.0 = Debug|Any CPU
		{4656EEFA-E385-43CD-ABE6-2F82A0A7E083}.Debug|iPhoneSimulator.ActiveCfg = Debug|Any CPU
		{4656EEFA-E385-43CD-ABE6-2F82A0A7E083}.Debug|iPhoneSimulator.Build.0 = Debug|Any CPU
		{4656EEFA-E385-43CD-ABE6-2F82A0A7E083}.Debug|iPhoneSimulator.Deploy.0 = Debug|Any CPU
		{4656EEFA-E385-43CD-ABE6-2F82A0A7E083}.Release|Any CPU.ActiveCfg = Release|Any CPU
		{4656EEFA-E385-43CD-ABE6-2F82A0A7E083}.Release|Any CPU.Build.0 = Release|Any CPU
		{4656EEFA-E385-43CD-ABE6-2F82A0A7E083}.Release|Any CPU.Deploy.0 = Release|Any CPU
		{4656EEFA-E385-43CD-ABE6-2F82A0A7E083}.Release|iPhone.ActiveCfg = Release|Any CPU
		{4656EEFA-E385-43CD-ABE6-2F82A0A7E083}.Release|iPhone.Build.0 = Release|Any CPU
		{4656EEFA-E385-43CD-ABE6-2F82A0A7E083}.Release|iPhone.Deploy.0 = Release|Any CPU
		{4656EEFA-E385-43CD-ABE6-2F82A0A7E083}.Release|iPhoneSimulator.ActiveCfg = Release|Any CPU
		{4656EEFA-E385-43CD-ABE6-2F82A0A7E083}.Release|iPhoneSimulator.Build.0 = Release|Any CPU
		{4656EEFA-E385-43CD-ABE6-2F82A0A7E083}.Release|iPhoneSimulator.Deploy.0 = Release|Any CPU
		{E7E07356-D78A-4F45-83D1-E7EB51DD433C}.Debug|Any CPU.ActiveCfg = Debug|iPhoneSimulator
		{E7E07356-D78A-4F45-83D1-E7EB51DD433C}.Debug|Any CPU.Build.0 = Debug|iPhoneSimulator
		{E7E07356-D78A-4F45-83D1-E7EB51DD433C}.Debug|Any CPU.Deploy.0 = Debug|iPhoneSimulator
		{E7E07356-D78A-4F45-83D1-E7EB51DD433C}.Debug|iPhone.ActiveCfg = Debug|iPhone
		{E7E07356-D78A-4F45-83D1-E7EB51DD433C}.Debug|iPhone.Build.0 = Debug|iPhone
		{E7E07356-D78A-4F45-83D1-E7EB51DD433C}.Debug|iPhone.Deploy.0 = Debug|iPhone
		{E7E07356-D78A-4F45-83D1-E7EB51DD433C}.Debug|iPhoneSimulator.ActiveCfg = Debug|iPhoneSimulator
		{E7E07356-D78A-4F45-83D1-E7EB51DD433C}.Debug|iPhoneSimulator.Build.0 = Debug|iPhoneSimulator
		{E7E07356-D78A-4F45-83D1-E7EB51DD433C}.Debug|iPhoneSimulator.Deploy.0 = Debug|iPhoneSimulator
		{E7E07356-D78A-4F45-83D1-E7EB51DD433C}.Release|Any CPU.ActiveCfg = Release|iPhone
		{E7E07356-D78A-4F45-83D1-E7EB51DD433C}.Release|Any CPU.Build.0 = Release|iPhone
		{E7E07356-D78A-4F45-83D1-E7EB51DD433C}.Release|Any CPU.Deploy.0 = Release|iPhone
		{E7E07356-D78A-4F45-83D1-E7EB51DD433C}.Release|iPhone.ActiveCfg = Release|iPhone
		{E7E07356-D78A-4F45-83D1-E7EB51DD433C}.Release|iPhone.Build.0 = Release|iPhone
		{E7E07356-D78A-4F45-83D1-E7EB51DD433C}.Release|iPhone.Deploy.0 = Release|iPhone
		{E7E07356-D78A-4F45-83D1-E7EB51DD433C}.Release|iPhoneSimulator.ActiveCfg = Release|iPhoneSimulator
		{E7E07356-D78A-4F45-83D1-E7EB51DD433C}.Release|iPhoneSimulator.Build.0 = Release|iPhoneSimulator
		{E7E07356-D78A-4F45-83D1-E7EB51DD433C}.Release|iPhoneSimulator.Deploy.0 = Release|iPhoneSimulator
		{1A05F179-F959-4195-951E-F55F7BF2E1C7}.Debug|Any CPU.ActiveCfg = Debug|Any CPU
		{1A05F179-F959-4195-951E-F55F7BF2E1C7}.Debug|Any CPU.Build.0 = Debug|Any CPU
		{1A05F179-F959-4195-951E-F55F7BF2E1C7}.Debug|Any CPU.Deploy.0 = Debug|Any CPU
		{1A05F179-F959-4195-951E-F55F7BF2E1C7}.Debug|iPhone.ActiveCfg = Debug|Any CPU
		{1A05F179-F959-4195-951E-F55F7BF2E1C7}.Debug|iPhone.Build.0 = Debug|Any CPU
		{1A05F179-F959-4195-951E-F55F7BF2E1C7}.Debug|iPhone.Deploy.0 = Debug|Any CPU
		{1A05F179-F959-4195-951E-F55F7BF2E1C7}.Debug|iPhoneSimulator.ActiveCfg = Debug|Any CPU
		{1A05F179-F959-4195-951E-F55F7BF2E1C7}.Debug|iPhoneSimulator.Build.0 = Debug|Any CPU
		{1A05F179-F959-4195-951E-F55F7BF2E1C7}.Debug|iPhoneSimulator.Deploy.0 = Debug|Any CPU
		{1A05F179-F959-4195-951E-F55F7BF2E1C7}.Release|Any CPU.ActiveCfg = Release|Any CPU
		{1A05F179-F959-4195-951E-F55F7BF2E1C7}.Release|Any CPU.Build.0 = Release|Any CPU
		{1A05F179-F959-4195-951E-F55F7BF2E1C7}.Release|Any CPU.Deploy.0 = Release|Any CPU
		{1A05F179-F959-4195-951E-F55F7BF2E1C7}.Release|iPhone.ActiveCfg = Release|Any CPU
		{1A05F179-F959-4195-951E-F55F7BF2E1C7}.Release|iPhone.Build.0 = Release|Any CPU
		{1A05F179-F959-4195-951E-F55F7BF2E1C7}.Release|iPhone.Deploy.0 = Release|Any CPU
		{1A05F179-F959-4195-951E-F55F7BF2E1C7}.Release|iPhoneSimulator.ActiveCfg = Release|Any CPU
		{1A05F179-F959-4195-951E-F55F7BF2E1C7}.Release|iPhoneSimulator.Build.0 = Release|Any CPU
		{1A05F179-F959-4195-951E-F55F7BF2E1C7}.Release|iPhoneSimulator.Deploy.0 = Release|Any CPU
	EndGlobalSection
	GlobalSection(SolutionProperties) = preSolution
		HideSolutionNode = FALSE
	EndGlobalSection
	GlobalSection(ExtensibilityGlobals) = postSolution
		SolutionGuid = {EDC09D36-A716-4AFA-B461-E0AE062E1464}
	EndGlobalSection
EndGlobal
